github.com/davecgh/go-spew v1.1.1 h1:vj9j/u1bqnvCEfJOwUhtlOARqs3+rkHYY13jYWTU97c=
github.com/davecgh/go-spew v1.1.1/go.mod h1:J7Y8YcW2NihsgmVo/mv3lAwl/skON4iLHjSsI+c5H38=
github.com/pmezard/go-difflib v1.0.0 h1:4DBwDE0NGyQoBHbLQYPwSUPoCMWR5BEzIk/f1lZbAQM=
github.com/pmezard/go-difflib v1.0.0/go.mod h1:iKH77koFhYxTK1pcRnkKkqfTogsbg7gZNVY4sRDYZ/4=
github.com/sanekee/limi v0.0.0-20231024013328-09e12ebb7e5d h1:KfGCx6sL+3lTwQJlUGa6TYHQ2qxMfMZJc2qFK+snTFU=
github.com/sanekee/limi v0.0.0-20231024013328-09e12ebb7e5d/go.mod h1:KAsA3rH/JGNkkdSr0bGMRciyA5mq+IYsGeoe6l7KeQ8=
github.com/sanekee/limi v0.0.0-20231024160145-6a633cb3e16a h1:P8R381CvT5yk98NVtULnV1ZSCioQwxmQhV5WJC59P78=
github.com/sanekee/limi v0.0.0-20231024160145-6a633cb3e16a/go.mod h1:KAsA3rH/JGNkkdSr0bGMRciyA5mq+IYsGeoe6l7KeQ8=
github.com/sanekee/limi v0.0.0-20231025013100-11263e1443a8 h1:XtXuKaHe5KNS3plkiS/hLmbZ7RHzrwwtMAo0NEgcn1g=
github.com/sanekee/limi v0.0.0-20231025013100-11263e1443a8/go.mod h1:KAsA3rH/JGNkkdSr0bGMRciyA5mq+IYsGeoe6l7KeQ8=
github.com/sanekee/limi v0.0.0-20231025025045-23e0f64e4176 h1:lj2XCgAhYeR9JR1L/XteoaBzr9Ks2RRbI0hgy3MnTTI=
github.com/sanekee/limi v0.0.0-20231025025045-23e0f64e4176/go.mod h1:KAsA3rH/JGNkkdSr0bGMRciyA5mq+IYsGeoe6l7KeQ8=
github.com/sanekee/limi v0.0.0-20231025081635-e47b353b0864 h1:+XO0ov/xogXo26/ySO0QG4SYnZdXJqc7h1NZ7EEjHwc=
github.com/sanekee/limi v0.0.0-20231025081635-e47b353b0864/go.mod h1:KAsA3rH/JGNkkdSr0bGMRciyA5mq+IYsGeoe6l7KeQ8=
github.com/stretchr/testify v1.8.4 h1:CcVxjf3Q8PM0mHUKJCdn+eZZtm5yQwehR5yeSVQQcUk=
github.com/stretchr/testify v1.8.4/go.mod h1:sz/lmYIOXD/1dqDmKjjqLyZ2RngseejIcXlSw2iwfAo=
gopkg.in/yaml.v3 v3.0.1 h1:fxVm/GzAzEWqLHuvctI91KS9hhNmmWOoWu0XTYJS7CA=
gopkg.in/yaml.v3 v3.0.1/go.mod h1:K4uyk7z7BCEPqu6E+C64Yfv1cQ7kz7rIZviUmN+EgEM=
